
Microsoft Visual Studio Solution File, Format Version 12.00
# Visual Studio 15
VisualStudioVersion = 15.0.27703.2042
MinimumVisualStudioVersion = 10.0.40219.1
Project("{FAE04EC0-301F-11D3-BF4B-00C04F79EFBC}") = "StudentWPF", "StudentWPF\StudentWPF.csproj", "{A2D96433-ADED-4C47-A4D0-14448048C989}"
EndProject
Global
	GlobalSection(SolutionConfigurationPlatforms) = preSolution
		Debug|Any CPU = Debug|Any CPU
		Release|Any CPU = Release|Any CPU
	EndGlobalSection
	GlobalSection(ProjectConfigurationPlatforms) = postSolution
		{A2D96433-ADED-4C47-A4D0-14448048C989}.Debug|Any CPU.ActiveCfg = Debug|Any CPU
		{A2D96433-ADED-4C47-A4D0-14448048C989}.Debug|Any CPU.Build.0 = Debug|Any CPU
		{A2D96433-ADED-4C47-A4D0-14448048C989}.Release|Any CPU.ActiveCfg = Release|Any CPU
		{A2D96433-ADED-4C47-A4D0-14448048C989}.Release|Any CPU.Build.0 = Release|Any CPU
	EndGlobalSection
	GlobalSection(SolutionProperties) = preSolution
		HideSolutionNode = FALSE
	EndGlobalSection
	GlobalSection(ExtensibilityGlobals) = postSolution
		SolutionGuid = {D046E731-4D40-4A20-BE10-2EDC27DC00CF}
	EndGlobalSection
EndGlobal
